
Microsoft Visual Studio Solution File, Format Version 12.00
# Visual Studio Version 17
VisualStudioVersion = 17.8.34330.188
MinimumVisualStudioVersion = 10.0.40219.1
Project("{9A19103F-16F7-4668-BE54-9A1E7A4F7556}") = "StuffClassLibrary", "StuffClassLibrary\StuffClassLibrary.csproj", "{89AAD6DE-702E-43AC-BEB7-90B425E58FFB}"
EndProject
Project("{9A19103F-16F7-4668-BE54-9A1E7A4F7556}") = "StuffInterfaceLibrary", "StuffInterfaceLibrary\StuffInterfaceLibrary.csproj", "{5D1D8ED6-3773-4543-8FA4-A2FF17D93747}"
EndProject
Project("{9A19103F-16F7-4668-BE54-9A1E7A4F7556}") = "WpfStuffInterfaceLibrary", "WpfStuffInterfaceLibrary\WpfStuffInterfaceLibrary.csproj", "{7327C336-782E-4013-92E3-BB5EAC3BE0BC}"
EndProject
Project("{9A19103F-16F7-4668-BE54-9A1E7A4F7556}") = "WpfStuffLibrary", "WpfStuffLibrary\WpfStuffLibrary.csproj", "{B59FB9F9-2253-4B4D-A2F7-86477A8E15A5}"
EndProject
Project("{9A19103F-16F7-4668-BE54-9A1E7A4F7556}") = "SqlServerStuffClassLibrary", "SqlServerStuffClassLibrary\SqlServerStuffClassLibrary.csproj", "{DDE36498-30EB-4601-BD16-E76F6FDD97AF}"
EndProject
Project("{9A19103F-16F7-4668-BE54-9A1E7A4F7556}") = "SqlServerStuffInterfaceLibrary", "SqlServerStuffInterfaceLibrary\SqlServerStuffInterfaceLibrary.csproj", "{660AA4B6-2FC0-4022-9CEC-15C4166F5FAE}"
EndProject
Project("{2150E333-8FDC-42A3-9474-1A3956D46DE8}") = "SqlServer", "SqlServer", "{20D4FD78-AF3B-405F-A9B0-1B37D65AD419}"
EndProject
Project("{2150E333-8FDC-42A3-9474-1A3956D46DE8}") = "ClassLibrary", "ClassLibrary", "{01CF4D37-C1B2-4A65-A664-326B4F254262}"
EndProject
Project("{2150E333-8FDC-42A3-9474-1A3956D46DE8}") = "Wpf", "Wpf", "{9986D942-76EF-475C-B2B6-000C8B8BBEA2}"
EndProject
Project("{FAE04EC0-301F-11D3-BF4B-00C04F79EFBC}") = "StuffClassLibrary.Tests", "StuffClassLibrary.Tests\StuffClassLibrary.Tests.csproj", "{C4ABC54F-AA41-4A8F-99DC-1B3F1E082263}"
EndProject
Global
	GlobalSection(SolutionConfigurationPlatforms) = preSolution
		Debug|Any CPU = Debug|Any CPU
		Release|Any CPU = Release|Any CPU
	EndGlobalSection
	GlobalSection(ProjectConfigurationPlatforms) = postSolution
		{89AAD6DE-702E-43AC-BEB7-90B425E58FFB}.Debug|Any CPU.ActiveCfg = Debug|Any CPU
		{89AAD6DE-702E-43AC-BEB7-90B425E58FFB}.Debug|Any CPU.Build.0 = Debug|Any CPU
		{89AAD6DE-702E-43AC-BEB7-90B425E58FFB}.Release|Any CPU.ActiveCfg = Release|Any CPU
		{89AAD6DE-702E-43AC-BEB7-90B425E58FFB}.Release|Any CPU.Build.0 = Release|Any CPU
		{5D1D8ED6-3773-4543-8FA4-A2FF17D93747}.Debug|Any CPU.ActiveCfg = Debug|Any CPU
		{5D1D8ED6-3773-4543-8FA4-A2FF17D93747}.Debug|Any CPU.Build.0 = Debug|Any CPU
		{5D1D8ED6-3773-4543-8FA4-A2FF17D93747}.Release|Any CPU.ActiveCfg = Release|Any CPU
		{5D1D8ED6-3773-4543-8FA4-A2FF17D93747}.Release|Any CPU.Build.0 = Release|Any CPU
		{7327C336-782E-4013-92E3-BB5EAC3BE0BC}.Debug|Any CPU.ActiveCfg = Debug|Any CPU
		{7327C336-782E-4013-92E3-BB5EAC3BE0BC}.Debug|Any CPU.Build.0 = Debug|Any CPU
		{7327C336-782E-4013-92E3-BB5EAC3BE0BC}.Release|Any CPU.ActiveCfg = Release|Any CPU
		{7327C336-782E-4013-92E3-BB5EAC3BE0BC}.Release|Any CPU.Build.0 = Release|Any CPU
		{B59FB9F9-2253-4B4D-A2F7-86477A8E15A5}.Debug|Any CPU.ActiveCfg = Debug|Any CPU
		{B59FB9F9-2253-4B4D-A2F7-86477A8E15A5}.Debug|Any CPU.Build.0 = Debug|Any CPU
		{B59FB9F9-2253-4B4D-A2F7-86477A8E15A5}.Release|Any CPU.ActiveCfg = Release|Any CPU
		{B59FB9F9-2253-4B4D-A2F7-86477A8E15A5}.Release|Any CPU.Build.0 = Release|Any CPU
		{DDE36498-30EB-4601-BD16-E76F6FDD97AF}.Debug|Any CPU.ActiveCfg = Debug|Any CPU
		{DDE36498-30EB-4601-BD16-E76F6FDD97AF}.Debug|Any CPU.Build.0 = Debug|Any CPU
		{DDE36498-30EB-4601-BD16-E76F6FDD97AF}.Release|Any CPU.ActiveCfg = Release|Any CPU
		{DDE36498-30EB-4601-BD16-E76F6FDD97AF}.Release|Any CPU.Build.0 = Release|Any CPU
		{660AA4B6-2FC0-4022-9CEC-15C4166F5FAE}.Debug|Any CPU.ActiveCfg = Debug|Any CPU
		{660AA4B6-2FC0-4022-9CEC-15C4166F5FAE}.Debug|Any CPU.Build.0 = Debug|Any CPU
		{660AA4B6-2FC0-4022-9CEC-15C4166F5FAE}.Release|Any CPU.ActiveCfg = Release|Any CPU
		{660AA4B6-2FC0-4022-9CEC-15C4166F5FAE}.Release|Any CPU.Build.0 = Release|Any CPU
		{C4ABC54F-AA41-4A8F-99DC-1B3F1E082263}.Debug|Any CPU.ActiveCfg = Debug|Any CPU
		{C4ABC54F-AA41-4A8F-99DC-1B3F1E082263}.Debug|Any CPU.Build.0 = Debug|Any CPU
		{C4ABC54F-AA41-4A8F-99DC-1B3F1E082263}.Release|Any CPU.ActiveCfg = Release|Any CPU
		{C4ABC54F-AA41-4A8F-99DC-1B3F1E082263}.Release|Any CPU.Build.0 = Release|Any CPU
	EndGlobalSection
	GlobalSection(SolutionProperties) = preSolution
		HideSolutionNode = FALSE
	EndGlobalSection
	GlobalSection(NestedProjects) = preSolution
		{89AAD6DE-702E-43AC-BEB7-90B425E58FFB} = {01CF4D37-C1B2-4A65-A664-326B4F254262}
		{5D1D8ED6-3773-4543-8FA4-A2FF17D93747} = {01CF4D37-C1B2-4A65-A664-326B4F254262}
		{7327C336-782E-4013-92E3-BB5EAC3BE0BC} = {9986D942-76EF-475C-B2B6-000C8B8BBEA2}
		{B59FB9F9-2253-4B4D-A2F7-86477A8E15A5} = {9986D942-76EF-475C-B2B6-000C8B8BBEA2}
		{DDE36498-30EB-4601-BD16-E76F6FDD97AF} = {20D4FD78-AF3B-405F-A9B0-1B37D65AD419}
		{660AA4B6-2FC0-4022-9CEC-15C4166F5FAE} = {20D4FD78-AF3B-405F-A9B0-1B37D65AD419}
		{C4ABC54F-AA41-4A8F-99DC-1B3F1E082263} = {01CF4D37-C1B2-4A65-A664-326B4F254262}
	EndGlobalSection
	GlobalSection(ExtensibilityGlobals) = postSolution
		SolutionGuid = {13B7B2D9-02D6-4CE1-A795-84814087D115}
	EndGlobalSection
EndGlobal
