
Microsoft Visual Studio Solution File, Format Version 12.00
# Visual Studio Version 17
VisualStudioVersion = 17.8.34330.188
MinimumVisualStudioVersion = 10.0.40219.1
Project("{9A19103F-16F7-4668-BE54-9A1E7A4F7556}") = "StuffClassLibrary", "StuffClassLibrary\StuffClassLibrary.csproj", "{89AAD6DE-702E-43AC-BEB7-90B425E58FFB}"
EndProject
Project("{9A19103F-16F7-4668-BE54-9A1E7A4F7556}") = "StuffInterfaceLibrary", "StuffInterfaceLibrary\StuffInterfaceLibrary.csproj", "{5D1D8ED6-3773-4543-8FA4-A2FF17D93747}"
EndProject
Project("{9A19103F-16F7-4668-BE54-9A1E7A4F7556}") = "WpfStuffInterfaceLibrary", "WpfStuffInterfaceLibrary\WpfStuffInterfaceLibrary.csproj", "{7327C336-782E-4013-92E3-BB5EAC3BE0BC}"
EndProject
Project("{9A19103F-16F7-4668-BE54-9A1E7A4F7556}") = "WpfStuffLibrary", "WpfStuffLibrary\WpfStuffLibrary.csproj", "{B59FB9F9-2253-4B4D-A2F7-86477A8E15A5}"
EndProject
Project("{FAE04EC0-301F-11D3-BF4B-00C04F79EFBC}") = "SqlServerStuff", "SqlServerStuff\SqlServerStuff.csproj", "{D891A989-DD39-44DF-BF73-FF6A147CC941}"
EndProject
Global
	GlobalSection(SolutionConfigurationPlatforms) = preSolution
		Debug|Any CPU = Debug|Any CPU
		Release|Any CPU = Release|Any CPU
	EndGlobalSection
	GlobalSection(ProjectConfigurationPlatforms) = postSolution
		{89AAD6DE-702E-43AC-BEB7-90B425E58FFB}.Debug|Any CPU.ActiveCfg = Debug|Any CPU
		{89AAD6DE-702E-43AC-BEB7-90B425E58FFB}.Debug|Any CPU.Build.0 = Debug|Any CPU
		{89AAD6DE-702E-43AC-BEB7-90B425E58FFB}.Release|Any CPU.ActiveCfg = Release|Any CPU
		{89AAD6DE-702E-43AC-BEB7-90B425E58FFB}.Release|Any CPU.Build.0 = Release|Any CPU
		{5D1D8ED6-3773-4543-8FA4-A2FF17D93747}.Debug|Any CPU.ActiveCfg = Debug|Any CPU
		{5D1D8ED6-3773-4543-8FA4-A2FF17D93747}.Debug|Any CPU.Build.0 = Debug|Any CPU
		{5D1D8ED6-3773-4543-8FA4-A2FF17D93747}.Release|Any CPU.ActiveCfg = Release|Any CPU
		{5D1D8ED6-3773-4543-8FA4-A2FF17D93747}.Release|Any CPU.Build.0 = Release|Any CPU
		{7327C336-782E-4013-92E3-BB5EAC3BE0BC}.Debug|Any CPU.ActiveCfg = Debug|Any CPU
		{7327C336-782E-4013-92E3-BB5EAC3BE0BC}.Debug|Any CPU.Build.0 = Debug|Any CPU
		{7327C336-782E-4013-92E3-BB5EAC3BE0BC}.Release|Any CPU.ActiveCfg = Release|Any CPU
		{7327C336-782E-4013-92E3-BB5EAC3BE0BC}.Release|Any CPU.Build.0 = Release|Any CPU
		{B59FB9F9-2253-4B4D-A2F7-86477A8E15A5}.Debug|Any CPU.ActiveCfg = Debug|Any CPU
		{B59FB9F9-2253-4B4D-A2F7-86477A8E15A5}.Debug|Any CPU.Build.0 = Debug|Any CPU
		{B59FB9F9-2253-4B4D-A2F7-86477A8E15A5}.Release|Any CPU.ActiveCfg = Release|Any CPU
		{B59FB9F9-2253-4B4D-A2F7-86477A8E15A5}.Release|Any CPU.Build.0 = Release|Any CPU
		{D891A989-DD39-44DF-BF73-FF6A147CC941}.Debug|Any CPU.ActiveCfg = Debug|Any CPU
		{D891A989-DD39-44DF-BF73-FF6A147CC941}.Debug|Any CPU.Build.0 = Debug|Any CPU
		{D891A989-DD39-44DF-BF73-FF6A147CC941}.Release|Any CPU.ActiveCfg = Release|Any CPU
		{D891A989-DD39-44DF-BF73-FF6A147CC941}.Release|Any CPU.Build.0 = Release|Any CPU
	EndGlobalSection
	GlobalSection(SolutionProperties) = preSolution
		HideSolutionNode = FALSE
	EndGlobalSection
	GlobalSection(ExtensibilityGlobals) = postSolution
		SolutionGuid = {13B7B2D9-02D6-4CE1-A795-84814087D115}
	EndGlobalSection
EndGlobal
